// !$*UTF8*$!
{
	archiveVersion = 1;
	classes = {
	};
	objectVersion = 46;
	objects = {

/* Begin PBXBuildFile section */
		8D077B801C6EAD8D00ABA54F /* main.m in Sources */ = {isa = PBXBuildFile; fileRef = 8D077B7F1C6EAD8D00ABA54F /* main.m */; };
		8D077B831C6EAD8D00ABA54F /* AppDelegate.m in Sources */ = {isa = PBXBuildFile; fileRef = 8D077B821C6EAD8D00ABA54F /* AppDelegate.m */; };
		8D077B861C6EAD8D00ABA54F /* ViewController.m in Sources */ = {isa = PBXBuildFile; fileRef = 8D077B851C6EAD8D00ABA54F /* ViewController.m */; };
		8D077B891C6EAD8D00ABA54F /* Main.storyboard in Resources */ = {isa = PBXBuildFile; fileRef = 8D077B871C6EAD8D00ABA54F /* Main.storyboard */; };
		8D077B8B1C6EAD8D00ABA54F /* Assets.xcassets in Resources */ = {isa = PBXBuildFile; fileRef = 8D077B8A1C6EAD8D00ABA54F /* Assets.xcassets */; };
		8D077B8E1C6EAD8D00ABA54F /* LaunchScreen.storyboard in Resources */ = {isa = PBXBuildFile; fileRef = 8D077B8C1C6EAD8D00ABA54F /* LaunchScreen.storyboard */; };
		8D077B971C6EAF1C00ABA54F /* SoundManager.m in Sources */ = {isa = PBXBuildFile; fileRef = 8D077B961C6EAF1C00ABA54F /* SoundManager.m */; };
		8D077B9A1C6EB10000ABA54F /* AVFoundation.framework in Frameworks */ = {isa = PBXBuildFile; fileRef = 8D077B981C6EB10000ABA54F /* AVFoundation.framework */; };
		8D077BA31C6EC03E00ABA54F /* SingleSoundTests.m in Sources */ = {isa = PBXBuildFile; fileRef = 8D077BA21C6EC03E00ABA54F /* SingleSoundTests.m */; };
		8D077BAB1C6EC0EF00ABA54F /* SoundManager.m in Sources */ = {isa = PBXBuildFile; fileRef = 8D077B961C6EAF1C00ABA54F /* SoundManager.m */; };
		8D077BAF1C6EC2E600ABA54F /* sound1.aiff in Resources */ = {isa = PBXBuildFile; fileRef = 8D077BAE1C6EC2E600ABA54F /* sound1.aiff */; };
		8D36805C1C70FDB000390F06 /* happy-valentines-day.png in Resources */ = {isa = PBXBuildFile; fileRef = 8D36805B1C70FDB000390F06 /* happy-valentines-day.png */; };
		8DBDD1FA1C6FA64500F05FBE /* SoundButton.m in Sources */ = {isa = PBXBuildFile; fileRef = 8DBDD1F91C6FA64500F05FBE /* SoundButton.m */; };
		8DBDD1FD1C6FA7CF00F05FBE /* SoundCell.m in Sources */ = {isa = PBXBuildFile; fileRef = 8DBDD1FC1C6FA7CF00F05FBE /* SoundCell.m */; };
		8DBDD2181C6FB5F200F05FBE /* achievement.wav in Resources */ = {isa = PBXBuildFile; fileRef = 8DBDD1FE1C6FB5F200F05FBE /* achievement.wav */; };
		8DBDD2191C6FB5F200F05FBE /* ahh-nicely.mp3 in Resources */ = {isa = PBXBuildFile; fileRef = 8DBDD1FF1C6FB5F200F05FBE /* ahh-nicely.mp3 */; };
		8DBDD21A1C6FB5F200F05FBE /* boo.mp3 in Resources */ = {isa = PBXBuildFile; fileRef = 8DBDD2001C6FB5F200F05FBE /* boo.mp3 */; };
		8DBDD21B1C6FB5F200F05FBE /* bubble.wav in Resources */ = {isa = PBXBuildFile; fileRef = 8DBDD2011C6FB5F200F05FBE /* bubble.wav */; };
		8DBDD21C1C6FB5F200F05FBE /* bubble1.wav in Resources */ = {isa = PBXBuildFile; fileRef = 8DBDD2021C6FB5F200F05FBE /* bubble1.wav */; };
		8DBDD21D1C6FB5F200F05FBE /* cake-full.aif in Resources */ = {isa = PBXBuildFile; fileRef = 8DBDD2031C6FB5F200F05FBE /* cake-full.aif */; };
		8DBDD21E1C6FB5F200F05FBE /* chat_incoming.mp3 in Resources */ = {isa = PBXBuildFile; fileRef = 8DBDD2041C6FB5F200F05FBE /* chat_incoming.mp3 */; };
		8DBDD21F1C6FB5F200F05FBE /* click0.mp3 in Resources */ = {isa = PBXBuildFile; fileRef = 8DBDD2051C6FB5F200F05FBE /* click0.mp3 */; };
		8DBDD2201C6FB5F200F05FBE /* click1.mp3 in Resources */ = {isa = PBXBuildFile; fileRef = 8DBDD2061C6FB5F200F05FBE /* click1.mp3 */; };
		8DBDD2211C6FB5F200F05FBE /* doom.mp3 in Resources */ = {isa = PBXBuildFile; fileRef = 8DBDD2071C6FB5F200F05FBE /* doom.mp3 */; };
		8DBDD2221C6FB5F200F05FBE /* drumroll.mp3 in Resources */ = {isa = PBXBuildFile; fileRef = 8DBDD2081C6FB5F200F05FBE /* drumroll.mp3 */; };
		8DBDD2231C6FB5F200F05FBE /* elevator-badspeakers.mp3 in Resources */ = {isa = PBXBuildFile; fileRef = 8DBDD2091C6FB5F200F05FBE /* elevator-badspeakers.mp3 */; };
		8DBDD2241C6FB5F200F05FBE /* gavel.mp3 in Resources */ = {isa = PBXBuildFile; fileRef = 8DBDD20A1C6FB5F200F05FBE /* gavel.mp3 */; };
		8DBDD2251C6FB5F200F05FBE /* ho.mp3 in Resources */ = {isa = PBXBuildFile; fileRef = 8DBDD20B1C6FB5F200F05FBE /* ho.mp3 */; };
		8DBDD2261C6FB5F200F05FBE /* laser-prep-reverse.mp3 in Resources */ = {isa = PBXBuildFile; fileRef = 8DBDD20C1C6FB5F200F05FBE /* laser-prep-reverse.mp3 */; };
		8DBDD2271C6FB5F200F05FBE /* laser-prep.mp3 in Resources */ = {isa = PBXBuildFile; fileRef = 8DBDD20D1C6FB5F200F05FBE /* laser-prep.mp3 */; };
		8DBDD2281C6FB5F200F05FBE /* ninja-sword.mp3 in Resources */ = {isa = PBXBuildFile; fileRef = 8DBDD20E1C6FB5F200F05FBE /* ninja-sword.mp3 */; };
		8DBDD2291C6FB5F200F05FBE /* ninja-whack.mp3 in Resources */ = {isa = PBXBuildFile; fileRef = 8DBDD20F1C6FB5F200F05FBE /* ninja-whack.mp3 */; };
		8DBDD22A1C6FB5F200F05FBE /* ninja-whoosh.mp3 in Resources */ = {isa = PBXBuildFile; fileRef = 8DBDD2101C6FB5F200F05FBE /* ninja-whoosh.mp3 */; };
		8DBDD22B1C6FB5F200F05FBE /* notice.mp3 in Resources */ = {isa = PBXBuildFile; fileRef = 8DBDD2111C6FB5F200F05FBE /* notice.mp3 */; };
		8DBDD22C1C6FB5F200F05FBE /* sad-trombone.aiff in Resources */ = {isa = PBXBuildFile; fileRef = 8DBDD2121C6FB5F200F05FBE /* sad-trombone.aiff */; };
		8DBDD22D1C6FB5F200F05FBE /* select-classic.wav in Resources */ = {isa = PBXBuildFile; fileRef = 8DBDD2131C6FB5F200F05FBE /* select-classic.wav */; };
		8DBDD22E1C6FB5F200F05FBE /* small-applause.mp3 in Resources */ = {isa = PBXBuildFile; fileRef = 8DBDD2141C6FB5F200F05FBE /* small-applause.mp3 */; };
		8DBDD22F1C6FB5F200F05FBE /* sonar.mp3 in Resources */ = {isa = PBXBuildFile; fileRef = 8DBDD2151C6FB5F200F05FBE /* sonar.mp3 */; };
		8DBDD2301C6FB5F200F05FBE /* start-echo.mp3 in Resources */ = {isa = PBXBuildFile; fileRef = 8DBDD2161C6FB5F200F05FBE /* start-echo.mp3 */; };
		8DBDD2311C6FB5F200F05FBE /* whoosh.mp3 in Resources */ = {isa = PBXBuildFile; fileRef = 8DBDD2171C6FB5F200F05FBE /* whoosh.mp3 */; };
		8DEDDE5F1C7015D300517113 /* mc.png in Resources */ = {isa = PBXBuildFile; fileRef = 8DEDDE5E1C7015D300517113 /* mc.png */; };
		8DEDDE621C701DEC00517113 /* button.png in Resources */ = {isa = PBXBuildFile; fileRef = 8DEDDE611C701DEC00517113 /* button.png */; };
		8DEDDE641C70219500517113 /* speech_bubble.png in Resources */ = {isa = PBXBuildFile; fileRef = 8DEDDE631C70219500517113 /* speech_bubble.png */; };
		8DEDDE6E1C70314A00517113 /* Earth.png in Resources */ = {isa = PBXBuildFile; fileRef = 8DEDDE6D1C70314A00517113 /* Earth.png */; };
/* End PBXBuildFile section */

/* Begin PBXContainerItemProxy section */
		8D077BA51C6EC03E00ABA54F /* PBXContainerItemProxy */ = {
			isa = PBXContainerItemProxy;
			containerPortal = 8D077B731C6EAD8D00ABA54F /* Project object */;
			proxyType = 1;
			remoteGlobalIDString = 8D077B7A1C6EAD8D00ABA54F;
			remoteInfo = SingleSound;
		};
/* End PBXContainerItemProxy section */

/* Begin PBXFileReference section */
		8D077B7B1C6EAD8D00ABA54F /* SingleSound.app */ = {isa = PBXFileReference; explicitFileType = wrapper.application; includeInIndex = 0; path = SingleSound.app; sourceTree = BUILT_PRODUCTS_DIR; };
		8D077B7F1C6EAD8D00ABA54F /* main.m */ = {isa = PBXFileReference; lastKnownFileType = sourcecode.c.objc; path = main.m; sourceTree = "<group>"; };
		8D077B811C6EAD8D00ABA54F /* AppDelegate.h */ = {isa = PBXFileReference; lastKnownFileType = sourcecode.c.h; path = AppDelegate.h; sourceTree = "<group>"; };
		8D077B821C6EAD8D00ABA54F /* AppDelegate.m */ = {isa = PBXFileReference; lastKnownFileType = sourcecode.c.objc; path = AppDelegate.m; sourceTree = "<group>"; };
		8D077B841C6EAD8D00ABA54F /* ViewController.h */ = {isa = PBXFileReference; lastKnownFileType = sourcecode.c.h; path = ViewController.h; sourceTree = "<group>"; };
		8D077B851C6EAD8D00ABA54F /* ViewController.m */ = {isa = PBXFileReference; lastKnownFileType = sourcecode.c.objc; path = ViewController.m; sourceTree = "<group>"; };
		8D077B881C6EAD8D00ABA54F /* Base */ = {isa = PBXFileReference; lastKnownFileType = file.storyboard; name = Base; path = Base.lproj/Main.storyboard; sourceTree = "<group>"; };
		8D077B8A1C6EAD8D00ABA54F /* Assets.xcassets */ = {isa = PBXFileReference; lastKnownFileType = folder.assetcatalog; path = Assets.xcassets; sourceTree = "<group>"; };
		8D077B8D1C6EAD8D00ABA54F /* Base */ = {isa = PBXFileReference; lastKnownFileType = file.storyboard; name = Base; path = Base.lproj/LaunchScreen.storyboard; sourceTree = "<group>"; };
		8D077B8F1C6EAD8D00ABA54F /* Info.plist */ = {isa = PBXFileReference; lastKnownFileType = text.plist.xml; path = Info.plist; sourceTree = "<group>"; };
		8D077B951C6EAF1C00ABA54F /* SoundManager.h */ = {isa = PBXFileReference; fileEncoding = 4; lastKnownFileType = sourcecode.c.h; path = SoundManager.h; sourceTree = "<group>"; };
		8D077B961C6EAF1C00ABA54F /* SoundManager.m */ = {isa = PBXFileReference; fileEncoding = 4; lastKnownFileType = sourcecode.c.objc; path = SoundManager.m; sourceTree = "<group>"; };
		8D077B981C6EB10000ABA54F /* AVFoundation.framework */ = {isa = PBXFileReference; lastKnownFileType = wrapper.framework; name = AVFoundation.framework; path = System/Library/Frameworks/AVFoundation.framework; sourceTree = SDKROOT; };
		8D077BA01C6EC03E00ABA54F /* SingleSoundTests.xctest */ = {isa = PBXFileReference; explicitFileType = wrapper.cfbundle; includeInIndex = 0; path = SingleSoundTests.xctest; sourceTree = BUILT_PRODUCTS_DIR; };
		8D077BA21C6EC03E00ABA54F /* SingleSoundTests.m */ = {isa = PBXFileReference; lastKnownFileType = sourcecode.c.objc; path = SingleSoundTests.m; sourceTree = "<group>"; };
		8D077BA41C6EC03E00ABA54F /* Info.plist */ = {isa = PBXFileReference; lastKnownFileType = text.plist.xml; path = Info.plist; sourceTree = "<group>"; };
		8D077BAE1C6EC2E600ABA54F /* sound1.aiff */ = {isa = PBXFileReference; lastKnownFileType = audio.aiff; name = sound1.aiff; path = SoundEffects/sound1.aiff; sourceTree = "<group>"; };
		8D36805B1C70FDB000390F06 /* happy-valentines-day.png */ = {isa = PBXFileReference; lastKnownFileType = image.png; path = "happy-valentines-day.png"; sourceTree = "<group>"; };
		8DBDD1F81C6FA64500F05FBE /* SoundButton.h */ = {isa = PBXFileReference; fileEncoding = 4; lastKnownFileType = sourcecode.c.h; path = SoundButton.h; sourceTree = "<group>"; };
		8DBDD1F91C6FA64500F05FBE /* SoundButton.m */ = {isa = PBXFileReference; fileEncoding = 4; lastKnownFileType = sourcecode.c.objc; path = SoundButton.m; sourceTree = "<group>"; };
		8DBDD1FB1C6FA7CF00F05FBE /* SoundCell.h */ = {isa = PBXFileReference; fileEncoding = 4; lastKnownFileType = sourcecode.c.h; path = SoundCell.h; sourceTree = "<group>"; };
		8DBDD1FC1C6FA7CF00F05FBE /* SoundCell.m */ = {isa = PBXFileReference; fileEncoding = 4; lastKnownFileType = sourcecode.c.objc; path = SoundCell.m; sourceTree = "<group>"; };
		8DBDD1FE1C6FB5F200F05FBE /* achievement.wav */ = {isa = PBXFileReference; lastKnownFileType = audio.wav; path = achievement.wav; sourceTree = "<group>"; };
		8DBDD1FF1C6FB5F200F05FBE /* ahh-nicely.mp3 */ = {isa = PBXFileReference; lastKnownFileType = audio.mp3; path = "ahh-nicely.mp3"; sourceTree = "<group>"; };
		8DBDD2001C6FB5F200F05FBE /* boo.mp3 */ = {isa = PBXFileReference; lastKnownFileType = audio.mp3; path = boo.mp3; sourceTree = "<group>"; };
		8DBDD2011C6FB5F200F05FBE /* bubble.wav */ = {isa = PBXFileReference; lastKnownFileType = audio.wav; path = bubble.wav; sourceTree = "<group>"; };
		8DBDD2021C6FB5F200F05FBE /* bubble1.wav */ = {isa = PBXFileReference; lastKnownFileType = audio.wav; path = bubble1.wav; sourceTree = "<group>"; };
		8DBDD2031C6FB5F200F05FBE /* cake-full.aif */ = {isa = PBXFileReference; lastKnownFileType = file; path = "cake-full.aif"; sourceTree = "<group>"; };
		8DBDD2041C6FB5F200F05FBE /* chat_incoming.mp3 */ = {isa = PBXFileReference; lastKnownFileType = audio.mp3; path = chat_incoming.mp3; sourceTree = "<group>"; };
		8DBDD2051C6FB5F200F05FBE /* click0.mp3 */ = {isa = PBXFileReference; lastKnownFileType = audio.mp3; path = click0.mp3; sourceTree = "<group>"; };
		8DBDD2061C6FB5F200F05FBE /* click1.mp3 */ = {isa = PBXFileReference; lastKnownFileType = audio.mp3; path = click1.mp3; sourceTree = "<group>"; };
		8DBDD2071C6FB5F200F05FBE /* doom.mp3 */ = {isa = PBXFileReference; lastKnownFileType = audio.mp3; path = doom.mp3; sourceTree = "<group>"; };
		8DBDD2081C6FB5F200F05FBE /* drumroll.mp3 */ = {isa = PBXFileReference; lastKnownFileType = audio.mp3; path = drumroll.mp3; sourceTree = "<group>"; };
		8DBDD2091C6FB5F200F05FBE /* elevator-badspeakers.mp3 */ = {isa = PBXFileReference; lastKnownFileType = audio.mp3; path = "elevator-badspeakers.mp3"; sourceTree = "<group>"; };
		8DBDD20A1C6FB5F200F05FBE /* gavel.mp3 */ = {isa = PBXFileReference; lastKnownFileType = audio.mp3; path = gavel.mp3; sourceTree = "<group>"; };
		8DBDD20B1C6FB5F200F05FBE /* ho.mp3 */ = {isa = PBXFileReference; lastKnownFileType = audio.mp3; path = ho.mp3; sourceTree = "<group>"; };
		8DBDD20C1C6FB5F200F05FBE /* laser-prep-reverse.mp3 */ = {isa = PBXFileReference; lastKnownFileType = audio.mp3; path = "laser-prep-reverse.mp3"; sourceTree = "<group>"; };
		8DBDD20D1C6FB5F200F05FBE /* laser-prep.mp3 */ = {isa = PBXFileReference; lastKnownFileType = audio.mp3; path = "laser-prep.mp3"; sourceTree = "<group>"; };
		8DBDD20E1C6FB5F200F05FBE /* ninja-sword.mp3 */ = {isa = PBXFileReference; lastKnownFileType = audio.mp3; path = "ninja-sword.mp3"; sourceTree = "<group>"; };
		8DBDD20F1C6FB5F200F05FBE /* ninja-whack.mp3 */ = {isa = PBXFileReference; lastKnownFileType = audio.mp3; path = "ninja-whack.mp3"; sourceTree = "<group>"; };
		8DBDD2101C6FB5F200F05FBE /* ninja-whoosh.mp3 */ = {isa = PBXFileReference; lastKnownFileType = audio.mp3; path = "ninja-whoosh.mp3"; sourceTree = "<group>"; };
		8DBDD2111C6FB5F200F05FBE /* notice.mp3 */ = {isa = PBXFileReference; lastKnownFileType = audio.mp3; path = notice.mp3; sourceTree = "<group>"; };
		8DBDD2121C6FB5F200F05FBE /* sad-trombone.aiff */ = {isa = PBXFileReference; lastKnownFileType = audio.aiff; path = "sad-trombone.aiff"; sourceTree = "<group>"; };
		8DBDD2131C6FB5F200F05FBE /* select-classic.wav */ = {isa = PBXFileReference; lastKnownFileType = audio.wav; path = "select-classic.wav"; sourceTree = "<group>"; };
		8DBDD2141C6FB5F200F05FBE /* small-applause.mp3 */ = {isa = PBXFileReference; lastKnownFileType = audio.mp3; path = "small-applause.mp3"; sourceTree = "<group>"; };
		8DBDD2151C6FB5F200F05FBE /* sonar.mp3 */ = {isa = PBXFileReference; lastKnownFileType = audio.mp3; path = sonar.mp3; sourceTree = "<group>"; };
		8DBDD2161C6FB5F200F05FBE /* start-echo.mp3 */ = {isa = PBXFileReference; lastKnownFileType = audio.mp3; path = "start-echo.mp3"; sourceTree = "<group>"; };
		8DBDD2171C6FB5F200F05FBE /* whoosh.mp3 */ = {isa = PBXFileReference; lastKnownFileType = audio.mp3; path = whoosh.mp3; sourceTree = "<group>"; };
		8DEDDE5E1C7015D300517113 /* mc.png */ = {isa = PBXFileReference; lastKnownFileType = image.png; path = mc.png; sourceTree = "<group>"; };
		8DEDDE611C701DEC00517113 /* button.png */ = {isa = PBXFileReference; lastKnownFileType = image.png; path = button.png; sourceTree = "<group>"; };
		8DEDDE631C70219500517113 /* speech_bubble.png */ = {isa = PBXFileReference; lastKnownFileType = image.png; path = speech_bubble.png; sourceTree = "<group>"; };
		8DEDDE6D1C70314A00517113 /* Earth.png */ = {isa = PBXFileReference; lastKnownFileType = image.png; path = Earth.png; sourceTree = "<group>"; };
/* End PBXFileReference section */

/* Begin PBXFrameworksBuildPhase section */
		8D077B781C6EAD8D00ABA54F /* Frameworks */ = {
			isa = PBXFrameworksBuildPhase;
			buildActionMask = 2147483647;
			files = (
				8D077B9A1C6EB10000ABA54F /* AVFoundation.framework in Frameworks */,
			);
			runOnlyForDeploymentPostprocessing = 0;
		};
		8D077B9D1C6EC03E00ABA54F /* Frameworks */ = {
			isa = PBXFrameworksBuildPhase;
			buildActionMask = 2147483647;
			files = (
			);
			runOnlyForDeploymentPostprocessing = 0;
		};
/* End PBXFrameworksBuildPhase section */

/* Begin PBXGroup section */
		8D077B721C6EAD8D00ABA54F = {
			isa = PBXGroup;
			children = (
				8DEDDE6C1C702C0600517113 /* Frameworks */,
				8D077B7D1C6EAD8D00ABA54F /* SingleSound */,
				8D077BA11C6EC03E00ABA54F /* SingleSoundTests */,
				8D077B7C1C6EAD8D00ABA54F /* Products */,
			);
			sourceTree = "<group>";
		};
		8D077B7C1C6EAD8D00ABA54F /* Products */ = {
			isa = PBXGroup;
			children = (
				8D077B7B1C6EAD8D00ABA54F /* SingleSound.app */,
				8D077BA01C6EC03E00ABA54F /* SingleSoundTests.xctest */,
			);
			name = Products;
			sourceTree = "<group>";
		};
		8D077B7D1C6EAD8D00ABA54F /* SingleSound */ = {
			isa = PBXGroup;
			children = (
				8DEDDE6B1C702BD000517113 /* App */,
				8DEDDE6A1C702BB200517113 /* Controls */,
				8DEDDE691C702B8C00517113 /* CellViews */,
				8DEDDE681C702B7700517113 /* ViewControllers */,
				8DEDDE671C702B6800517113 /* StoryBoards */,
				8DEDDE601C7017F200517113 /* Singleton */,
				8D077B7E1C6EAD8D00ABA54F /* Supporting Files */,
			);
			path = SingleSound;
			sourceTree = "<group>";
		};
		8D077B7E1C6EAD8D00ABA54F /* Supporting Files */ = {
			isa = PBXGroup;
			children = (
				8DEDDE661C702B5400517113 /* Images */,
				8DEDDE651C702B3800517113 /* Sounds */,
				8D077B7F1C6EAD8D00ABA54F /* main.m */,
			);
			name = "Supporting Files";
			sourceTree = "<group>";
		};
		8D077BA11C6EC03E00ABA54F /* SingleSoundTests */ = {
			isa = PBXGroup;
			children = (
				8D077BA21C6EC03E00ABA54F /* SingleSoundTests.m */,
				8D077BA41C6EC03E00ABA54F /* Info.plist */,
			);
			path = SingleSoundTests;
			sourceTree = "<group>";
		};
		8DEDDE601C7017F200517113 /* Singleton */ = {
			isa = PBXGroup;
			children = (
				8D077B951C6EAF1C00ABA54F /* SoundManager.h */,
				8D077B961C6EAF1C00ABA54F /* SoundManager.m */,
			);
			name = Singleton;
			sourceTree = "<group>";
		};
		8DEDDE651C702B3800517113 /* Sounds */ = {
			isa = PBXGroup;
			children = (
				8D36805B1C70FDB000390F06 /* happy-valentines-day.png */,
				8DBDD1FE1C6FB5F200F05FBE /* achievement.wav */,
				8DBDD1FF1C6FB5F200F05FBE /* ahh-nicely.mp3 */,
				8DBDD2001C6FB5F200F05FBE /* boo.mp3 */,
				8DBDD2011C6FB5F200F05FBE /* bubble.wav */,
				8DBDD2021C6FB5F200F05FBE /* bubble1.wav */,
				8DBDD2031C6FB5F200F05FBE /* cake-full.aif */,
				8DBDD2041C6FB5F200F05FBE /* chat_incoming.mp3 */,
				8DBDD2051C6FB5F200F05FBE /* click0.mp3 */,
				8DBDD2061C6FB5F200F05FBE /* click1.mp3 */,
				8DBDD2071C6FB5F200F05FBE /* doom.mp3 */,
				8DBDD2081C6FB5F200F05FBE /* drumroll.mp3 */,
				8DBDD2091C6FB5F200F05FBE /* elevator-badspeakers.mp3 */,
				8DBDD20A1C6FB5F200F05FBE /* gavel.mp3 */,
				8DBDD20B1C6FB5F200F05FBE /* ho.mp3 */,
				8DBDD20C1C6FB5F200F05FBE /* laser-prep-reverse.mp3 */,
				8DBDD20D1C6FB5F200F05FBE /* laser-prep.mp3 */,
				8DBDD20E1C6FB5F200F05FBE /* ninja-sword.mp3 */,
				8DBDD20F1C6FB5F200F05FBE /* ninja-whack.mp3 */,
				8DBDD2101C6FB5F200F05FBE /* ninja-whoosh.mp3 */,
				8DBDD2111C6FB5F200F05FBE /* notice.mp3 */,
				8DBDD2121C6FB5F200F05FBE /* sad-trombone.aiff */,
				8DBDD2131C6FB5F200F05FBE /* select-classic.wav */,
				8DBDD2141C6FB5F200F05FBE /* small-applause.mp3 */,
				8DBDD2151C6FB5F200F05FBE /* sonar.mp3 */,
				8DBDD2161C6FB5F200F05FBE /* start-echo.mp3 */,
				8DBDD2171C6FB5F200F05FBE /* whoosh.mp3 */,
				8D077BAE1C6EC2E600ABA54F /* sound1.aiff */,
			);
			name = Sounds;
			sourceTree = "<group>";
		};
		8DEDDE661C702B5400517113 /* Images */ = {
			isa = PBXGroup;
			children = (
				8DEDDE6D1C70314A00517113 /* Earth.png */,
				8DEDDE611C701DEC00517113 /* button.png */,
				8DEDDE631C70219500517113 /* speech_bubble.png */,
				8DEDDE5E1C7015D300517113 /* mc.png */,
			);
			name = Images;
			sourceTree = "<group>";
		};
		8DEDDE671C702B6800517113 /* StoryBoards */ = {
			isa = PBXGroup;
			children = (
				8D077B8C1C6EAD8D00ABA54F /* LaunchScreen.storyboard */,
				8D077B871C6EAD8D00ABA54F /* Main.storyboard */,
			);
			name = StoryBoards;
			sourceTree = "<group>";
		};
		8DEDDE681C702B7700517113 /* ViewControllers */ = {
			isa = PBXGroup;
			children = (
				8D077B841C6EAD8D00ABA54F /* ViewController.h */,
				8D077B851C6EAD8D00ABA54F /* ViewController.m */,
			);
			name = ViewControllers;
			sourceTree = "<group>";
		};
		8DEDDE691C702B8C00517113 /* CellViews */ = {
			isa = PBXGroup;
			children = (
				8DBDD1FB1C6FA7CF00F05FBE /* SoundCell.h */,
				8DBDD1FC1C6FA7CF00F05FBE /* SoundCell.m */,
			);
			name = CellViews;
			sourceTree = "<group>";
		};
		8DEDDE6A1C702BB200517113 /* Controls */ = {
			isa = PBXGroup;
			children = (
				8DBDD1F81C6FA64500F05FBE /* SoundButton.h */,
				8DBDD1F91C6FA64500F05FBE /* SoundButton.m */,
			);
			name = Controls;
			sourceTree = "<group>";
		};
		8DEDDE6B1C702BD000517113 /* App */ = {
			isa = PBXGroup;
			children = (
				8D077B811C6EAD8D00ABA54F /* AppDelegate.h */,
				8D077B821C6EAD8D00ABA54F /* AppDelegate.m */,
				8D077B8A1C6EAD8D00ABA54F /* Assets.xcassets */,
				8D077B8F1C6EAD8D00ABA54F /* Info.plist */,
			);
			name = App;
			sourceTree = "<group>";
		};
		8DEDDE6C1C702C0600517113 /* Frameworks */ = {
			isa = PBXGroup;
			children = (
				8D077B981C6EB10000ABA54F /* AVFoundation.framework */,
			);
			name = Frameworks;
			sourceTree = "<group>";
		};
/* End PBXGroup section */

/* Begin PBXNativeTarget section */
		8D077B7A1C6EAD8D00ABA54F /* SingleSound */ = {
			isa = PBXNativeTarget;
			buildConfigurationList = 8D077B921C6EAD8D00ABA54F /* Build configuration list for PBXNativeTarget "SingleSound" */;
			buildPhases = (
				8D077B771C6EAD8D00ABA54F /* Sources */,
				8D077B781C6EAD8D00ABA54F /* Frameworks */,
				8D077B791C6EAD8D00ABA54F /* Resources */,
			);
			buildRules = (
			);
			dependencies = (
			);
			name = SingleSound;
			productName = SingleSound;
			productReference = 8D077B7B1C6EAD8D00ABA54F /* SingleSound.app */;
			productType = "com.apple.product-type.application";
		};
		8D077B9F1C6EC03E00ABA54F /* SingleSoundTests */ = {
			isa = PBXNativeTarget;
			buildConfigurationList = 8D077BA71C6EC03E00ABA54F /* Build configuration list for PBXNativeTarget "SingleSoundTests" */;
			buildPhases = (
				8D077B9C1C6EC03E00ABA54F /* Sources */,
				8D077B9D1C6EC03E00ABA54F /* Frameworks */,
				8D077B9E1C6EC03E00ABA54F /* Resources */,
			);
			buildRules = (
			);
			dependencies = (
				8D077BA61C6EC03E00ABA54F /* PBXTargetDependency */,
			);
			name = SingleSoundTests;
			productName = SingleSoundTests;
			productReference = 8D077BA01C6EC03E00ABA54F /* SingleSoundTests.xctest */;
			productType = "com.apple.product-type.bundle.unit-test";
		};
/* End PBXNativeTarget section */

/* Begin PBXProject section */
		8D077B731C6EAD8D00ABA54F /* Project object */ = {
			isa = PBXProject;
			attributes = {
				LastUpgradeCheck = 0720;
				ORGANIZATIONNAME = "Michael Colon";
				TargetAttributes = {
					8D077B7A1C6EAD8D00ABA54F = {
						CreatedOnToolsVersion = 7.2;
						DevelopmentTeam = 5Q59XVRTQA;
					};
					8D077B9F1C6EC03E00ABA54F = {
						CreatedOnToolsVersion = 7.2;
						TestTargetID = 8D077B7A1C6EAD8D00ABA54F;
					};
				};
			};
			buildConfigurationList = 8D077B761C6EAD8D00ABA54F /* Build configuration list for PBXProject "SingleSound" */;
			compatibilityVersion = "Xcode 3.2";
			developmentRegion = English;
			hasScannedForEncodings = 0;
			knownRegions = (
				en,
				Base,
			);
			mainGroup = 8D077B721C6EAD8D00ABA54F;
			productRefGroup = 8D077B7C1C6EAD8D00ABA54F /* Products */;
			projectDirPath = "";
			projectRoot = "";
			targets = (
				8D077B7A1C6EAD8D00ABA54F /* SingleSound */,
				8D077B9F1C6EC03E00ABA54F /* SingleSoundTests */,
			);
		};
/* End PBXProject section */

/* Begin PBXResourcesBuildPhase section */
		8D077B791C6EAD8D00ABA54F /* Resources */ = {
			isa = PBXResourcesBuildPhase;
			buildActionMask = 2147483647;
			files = (
				8DBDD2201C6FB5F200F05FBE /* click1.mp3 in Resources */,
				8DBDD2191C6FB5F200F05FBE /* ahh-nicely.mp3 in Resources */,
				8DBDD22F1C6FB5F200F05FBE /* sonar.mp3 in Resources */,
				8DBDD21D1C6FB5F200F05FBE /* cake-full.aif in Resources */,
				8D077B8E1C6EAD8D00ABA54F /* LaunchScreen.storyboard in Resources */,
				8DBDD21B1C6FB5F200F05FBE /* bubble.wav in Resources */,
				8DEDDE6E1C70314A00517113 /* Earth.png in Resources */,
				8DBDD2181C6FB5F200F05FBE /* achievement.wav in Resources */,
				8D077BAF1C6EC2E600ABA54F /* sound1.aiff in Resources */,
				8DBDD2301C6FB5F200F05FBE /* start-echo.mp3 in Resources */,
				8DBDD22D1C6FB5F200F05FBE /* select-classic.wav in Resources */,
				8DBDD21C1C6FB5F200F05FBE /* bubble1.wav in Resources */,
				8DEDDE641C70219500517113 /* speech_bubble.png in Resources */,
				8D077B8B1C6EAD8D00ABA54F /* Assets.xcassets in Resources */,
				8DBDD2251C6FB5F200F05FBE /* ho.mp3 in Resources */,
				8DBDD2221C6FB5F200F05FBE /* drumroll.mp3 in Resources */,
				8DBDD22C1C6FB5F200F05FBE /* sad-trombone.aiff in Resources */,
				8DBDD2231C6FB5F200F05FBE /* elevator-badspeakers.mp3 in Resources */,
				8DBDD2241C6FB5F200F05FBE /* gavel.mp3 in Resources */,
				8DBDD2211C6FB5F200F05FBE /* doom.mp3 in Resources */,
				8D077B891C6EAD8D00ABA54F /* Main.storyboard in Resources */,
				8DBDD2281C6FB5F200F05FBE /* ninja-sword.mp3 in Resources */,
				8DBDD2271C6FB5F200F05FBE /* laser-prep.mp3 in Resources */,
				8D36805C1C70FDB000390F06 /* happy-valentines-day.png in Resources */,
				8DBDD22A1C6FB5F200F05FBE /* ninja-whoosh.mp3 in Resources */,
				8DBDD22B1C6FB5F200F05FBE /* notice.mp3 in Resources */,
				8DBDD2261C6FB5F200F05FBE /* laser-prep-reverse.mp3 in Resources */,
				8DEDDE5F1C7015D300517113 /* mc.png in Resources */,
				8DEDDE621C701DEC00517113 /* button.png in Resources */,
				8DBDD2311C6FB5F200F05FBE /* whoosh.mp3 in Resources */,
				8DBDD22E1C6FB5F200F05FBE /* small-applause.mp3 in Resources */,
				8DBDD21A1C6FB5F200F05FBE /* boo.mp3 in Resources */,
				8DBDD21F1C6FB5F200F05FBE /* click0.mp3 in Resources */,
				8DBDD2291C6FB5F200F05FBE /* ninja-whack.mp3 in Resources */,
				8DBDD21E1C6FB5F200F05FBE /* chat_incoming.mp3 in Resources */,
			);
			runOnlyForDeploymentPostprocessing = 0;
		};
		8D077B9E1C6EC03E00ABA54F /* Resources */ = {
			isa = PBXResourcesBuildPhase;
			buildActionMask = 2147483647;
			files = (
			);
			runOnlyForDeploymentPostprocessing = 0;
		};
/* End PBXResourcesBuildPhase section */

/* Begin PBXSourcesBuildPhase section */
		8D077B771C6EAD8D00ABA54F /* Sources */ = {
			isa = PBXSourcesBuildPhase;
			buildActionMask = 2147483647;
			files = (
				8D077B861C6EAD8D00ABA54F /* ViewController.m in Sources */,
				8DBDD1FD1C6FA7CF00F05FBE /* SoundCell.m in Sources */,
				8D077B971C6EAF1C00ABA54F /* SoundManager.m in Sources */,
				8D077B831C6EAD8D00ABA54F /* AppDelegate.m in Sources */,
				8DBDD1FA1C6FA64500F05FBE /* SoundButton.m in Sources */,
				8D077B801C6EAD8D00ABA54F /* main.m in Sources */,
			);
			runOnlyForDeploymentPostprocessing = 0;
		};
		8D077B9C1C6EC03E00ABA54F /* Sources */ = {
			isa = PBXSourcesBuildPhase;
			buildActionMask = 2147483647;
			files = (
				8D077BAB1C6EC0EF00ABA54F /* SoundManager.m in Sources */,
				8D077BA31C6EC03E00ABA54F /* SingleSoundTests.m in Sources */,
			);
			runOnlyForDeploymentPostprocessing = 0;
		};
/* End PBXSourcesBuildPhase section */

/* Begin PBXTargetDependency section */
		8D077BA61C6EC03E00ABA54F /* PBXTargetDependency */ = {
			isa = PBXTargetDependency;
			target = 8D077B7A1C6EAD8D00ABA54F /* SingleSound */;
			targetProxy = 8D077BA51C6EC03E00ABA54F /* PBXContainerItemProxy */;
		};
/* End PBXTargetDependency section */

/* Begin PBXVariantGroup section */
		8D077B871C6EAD8D00ABA54F /* Main.storyboard */ = {
			isa = PBXVariantGroup;
			children = (
				8D077B881C6EAD8D00ABA54F /* Base */,
			);
			name = Main.storyboard;
			sourceTree = "<group>";
		};
		8D077B8C1C6EAD8D00ABA54F /* LaunchScreen.storyboard */ = {
			isa = PBXVariantGroup;
			children = (
				8D077B8D1C6EAD8D00ABA54F /* Base */,
			);
			name = LaunchScreen.storyboard;
			sourceTree = "<group>";
		};
/* End PBXVariantGroup section */

/* Begin XCBuildConfiguration section */
		8D077B901C6EAD8D00ABA54F /* Debug */ = {
			isa = XCBuildConfiguration;
			buildSettings = {
				ALWAYS_SEARCH_USER_PATHS = NO;
				CLANG_CXX_LANGUAGE_STANDARD = "gnu++0x";
				CLANG_CXX_LIBRARY = "libc++";
				CLANG_ENABLE_MODULES = YES;
				CLANG_ENABLE_OBJC_ARC = YES;
				CLANG_WARN_BOOL_CONVERSION = YES;
				CLANG_WARN_CONSTANT_CONVERSION = YES;
				CLANG_WARN_DIRECT_OBJC_ISA_USAGE = YES_ERROR;
				CLANG_WARN_EMPTY_BODY = YES;
				CLANG_WARN_ENUM_CONVERSION = YES;
				CLANG_WARN_INT_CONVERSION = YES;
				CLANG_WARN_OBJC_ROOT_CLASS = YES_ERROR;
				CLANG_WARN_UNREACHABLE_CODE = YES;
				CLANG_WARN__DUPLICATE_METHOD_MATCH = YES;
				"CODE_SIGN_IDENTITY[sdk=iphoneos*]" = "iPhone Developer";
				COPY_PHASE_STRIP = NO;
				DEBUG_INFORMATION_FORMAT = dwarf;
				ENABLE_STRICT_OBJC_MSGSEND = YES;
				ENABLE_TESTABILITY = YES;
				GCC_C_LANGUAGE_STANDARD = gnu99;
				GCC_DYNAMIC_NO_PIC = NO;
				GCC_NO_COMMON_BLOCKS = YES;
				GCC_OPTIMIZATION_LEVEL = 0;
				GCC_PREPROCESSOR_DEFINITIONS = (
					"DEBUG=1",
					"$(inherited)",
				);
				GCC_WARN_64_TO_32_BIT_CONVERSION = YES;
				GCC_WARN_ABOUT_RETURN_TYPE = YES_ERROR;
				GCC_WARN_UNDECLARED_SELECTOR = YES;
				GCC_WARN_UNINITIALIZED_AUTOS = YES_AGGRESSIVE;
				GCC_WARN_UNUSED_FUNCTION = YES;
				GCC_WARN_UNUSED_VARIABLE = YES;
				IPHONEOS_DEPLOYMENT_TARGET = 9.2;
				MTL_ENABLE_DEBUG_INFO = YES;
				ONLY_ACTIVE_ARCH = YES;
				SDKROOT = iphoneos;
				TARGETED_DEVICE_FAMILY = "1,2";
			};
			name = Debug;
		};
		8D077B911C6EAD8D00ABA54F /* Release */ = {
			isa = XCBuildConfiguration;
			buildSettings = {
				ALWAYS_SEARCH_USER_PATHS = NO;
				CLANG_CXX_LANGUAGE_STANDARD = "gnu++0x";
				CLANG_CXX_LIBRARY = "libc++";
				CLANG_ENABLE_MODULES = YES;
				CLANG_ENABLE_OBJC_ARC = YES;
				CLANG_WARN_BOOL_CONVERSION = YES;
				CLANG_WARN_CONSTANT_CONVERSION = YES;
				CLANG_WARN_DIRECT_OBJC_ISA_USAGE = YES_ERROR;
				CLANG_WARN_EMPTY_BODY = YES;
				CLANG_WARN_ENUM_CONVERSION = YES;
				CLANG_WARN_INT_CONVERSION = YES;
				CLANG_WARN_OBJC_ROOT_CLASS = YES_ERROR;
				CLANG_WARN_UNREACHABLE_CODE = YES;
				CLANG_WARN__DUPLICATE_METHOD_MATCH = YES;
				"CODE_SIGN_IDENTITY[sdk=iphoneos*]" = "iPhone Developer";
				COPY_PHASE_STRIP = NO;
				DEBUG_INFORMATION_FORMAT = "dwarf-with-dsym";
				ENABLE_NS_ASSERTIONS = NO;
				ENABLE_STRICT_OBJC_MSGSEND = YES;
				GCC_C_LANGUAGE_STANDARD = gnu99;
				GCC_NO_COMMON_BLOCKS = YES;
				GCC_WARN_64_TO_32_BIT_CONVERSION = YES;
				GCC_WARN_ABOUT_RETURN_TYPE = YES_ERROR;
				GCC_WARN_UNDECLARED_SELECTOR = YES;
				GCC_WARN_UNINITIALIZED_AUTOS = YES_AGGRESSIVE;
				GCC_WARN_UNUSED_FUNCTION = YES;
				GCC_WARN_UNUSED_VARIABLE = YES;
				IPHONEOS_DEPLOYMENT_TARGET = 9.2;
				MTL_ENABLE_DEBUG_INFO = NO;
				SDKROOT = iphoneos;
				TARGETED_DEVICE_FAMILY = "1,2";
				VALIDATE_PRODUCT = YES;
			};
			name = Release;
		};
		8D077B931C6EAD8D00ABA54F /* Debug */ = {
			isa = XCBuildConfiguration;
			buildSettings = {
				CODE_SIGN_IDENTITY = "iPhone Developer";
				INFOPLIST_FILE = SingleSound/Info.plist;
				LD_RUNPATH_SEARCH_PATHS = "$(inherited) @executable_path/Frameworks";
				PRODUCT_BUNDLE_IDENTIFIER = com.michaelcolon.SingleSound;
				PRODUCT_NAME = "$(TARGET_NAME)";
			};
			name = Debug;
		};
		8D077B941C6EAD8D00ABA54F /* Release */ = {
			isa = XCBuildConfiguration;
			buildSettings = {
				CODE_SIGN_IDENTITY = "iPhone Developer";
				INFOPLIST_FILE = SingleSound/Info.plist;
				LD_RUNPATH_SEARCH_PATHS = "$(inherited) @executable_path/Frameworks";
				PRODUCT_BUNDLE_IDENTIFIER = com.michaelcolon.SingleSound;
				PRODUCT_NAME = "$(TARGET_NAME)";
			};
			name = Release;
		};
		8D077BA81C6EC03E00ABA54F /* Debug */ = {
			isa = XCBuildConfiguration;
			buildSettings = {
				BUNDLE_LOADER = "$(TEST_HOST)";
				INFOPLIST_FILE = SingleSoundTests/Info.plist;
				LD_RUNPATH_SEARCH_PATHS = "$(inherited) @executable_path/Frameworks @loader_path/Frameworks";
				PRODUCT_BUNDLE_IDENTIFIER = com.michaelcolon.SingleSoundTests;
				PRODUCT_NAME = "$(TARGET_NAME)";
				TEST_HOST = "$(BUILT_PRODUCTS_DIR)/SingleSound.app/SingleSound";
			};
			name = Debug;
		};
		8D077BA91C6EC03E00ABA54F /* Release */ = {
			isa = XCBuildConfiguration;
			buildSettings = {
				BUNDLE_LOADER = "$(TEST_HOST)";
				INFOPLIST_FILE = SingleSoundTests/Info.plist;
				LD_RUNPATH_SEARCH_PATHS = "$(inherited) @executable_path/Frameworks @loader_path/Frameworks";
				PRODUCT_BUNDLE_IDENTIFIER = com.michaelcolon.SingleSoundTests;
				PRODUCT_NAME = "$(TARGET_NAME)";
				TEST_HOST = "$(BUILT_PRODUCTS_DIR)/SingleSound.app/SingleSound";
			};
			name = Release;
		};
/* End XCBuildConfiguration section */

/* Begin XCConfigurationList section */
		8D077B761C6EAD8D00ABA54F /* Build configuration list for PBXProject "SingleSound" */ = {
			isa = XCConfigurationList;
			buildConfigurations = (
				8D077B901C6EAD8D00ABA54F /* Debug */,
				8D077B911C6EAD8D00ABA54F /* Release */,
			);
			defaultConfigurationIsVisible = 0;
			defaultConfigurationName = Release;
		};
		8D077B921C6EAD8D00ABA54F /* Build configuration list for PBXNativeTarget "SingleSound" */ = {
			isa = XCConfigurationList;
			buildConfigurations = (
				8D077B931C6EAD8D00ABA54F /* Debug */,
				8D077B941C6EAD8D00ABA54F /* Release */,
			);
			defaultConfigurationIsVisible = 0;
			defaultConfigurationName = Release;
		};
		8D077BA71C6EC03E00ABA54F /* Build configuration list for PBXNativeTarget "SingleSoundTests" */ = {
			isa = XCConfigurationList;
			buildConfigurations = (
				8D077BA81C6EC03E00ABA54F /* Debug */,
				8D077BA91C6EC03E00ABA54F /* Release */,
			);
			defaultConfigurationIsVisible = 0;
			defaultConfigurationName = Release;
		};
/* End XCConfigurationList section */
	};
	rootObject = 8D077B731C6EAD8D00ABA54F /* Project object */;
}
